// !$*UTF8*$!
{
	archiveVersion = 1;
	classes = {
	};
	objectVersion = 56;
	objects = {

/* Begin PBXBuildFile section */
		7C825988EF69C6F22FA1A80F /* Pods_MyMovieChart.framework in Frameworks */ = {isa = PBXBuildFile; fileRef = 032710C0FC9416826321C8E9 /* Pods_MyMovieChart.framework */; };
		C429C4E629AA27E5003849F7 /* MovieCell.swift in Sources */ = {isa = PBXBuildFile; fileRef = C429C4E529AA27E5003849F7 /* MovieCell.swift */; };
		C429C4EB29AA2C48003849F7 /* secret.jpg in Resources */ = {isa = PBXBuildFile; fileRef = C429C4E829AA2C47003849F7 /* secret.jpg */; };
		C429C4EC29AA2C48003849F7 /* darknight.jpg in Resources */ = {isa = PBXBuildFile; fileRef = C429C4E929AA2C48003849F7 /* darknight.jpg */; };
		C429C4ED29AA2C48003849F7 /* rain.jpg in Resources */ = {isa = PBXBuildFile; fileRef = C429C4EA29AA2C48003849F7 /* rain.jpg */; };
		C42DD87D29AE431B0060DEE4 /* NaverMovieInfo.plist in Resources */ = {isa = PBXBuildFile; fileRef = C42DD87C29AE431B0060DEE4 /* NaverMovieInfo.plist */; };
		C44C2B5229A7CFF2009D806D /* AppDelegate.swift in Sources */ = {isa = PBXBuildFile; fileRef = C44C2B5129A7CFF2009D806D /* AppDelegate.swift */; };
		C44C2B5429A7CFF2009D806D /* SceneDelegate.swift in Sources */ = {isa = PBXBuildFile; fileRef = C44C2B5329A7CFF2009D806D /* SceneDelegate.swift */; };
		C44C2B5629A7CFF2009D806D /* ViewController.swift in Sources */ = {isa = PBXBuildFile; fileRef = C44C2B5529A7CFF2009D806D /* ViewController.swift */; };
		C44C2B5929A7CFF2009D806D /* Main.storyboard in Resources */ = {isa = PBXBuildFile; fileRef = C44C2B5729A7CFF2009D806D /* Main.storyboard */; };
		C44C2B5B29A7CFF4009D806D /* Assets.xcassets in Resources */ = {isa = PBXBuildFile; fileRef = C44C2B5A29A7CFF4009D806D /* Assets.xcassets */; };
		C44C2B5E29A7CFF4009D806D /* LaunchScreen.storyboard in Resources */ = {isa = PBXBuildFile; fileRef = C44C2B5C29A7CFF4009D806D /* LaunchScreen.storyboard */; };
		C44C2B6629A7D1F4009D806D /* ListViewController.swift in Sources */ = {isa = PBXBuildFile; fileRef = C44C2B6529A7D1F4009D806D /* ListViewController.swift */; };
		C44C2B6829A7E106009D806D /* MovieVO.swift in Sources */ = {isa = PBXBuildFile; fileRef = C44C2B6729A7E106009D806D /* MovieVO.swift */; };
/* End PBXBuildFile section */

/* Begin PBXFileReference section */
		032710C0FC9416826321C8E9 /* Pods_MyMovieChart.framework */ = {isa = PBXFileReference; explicitFileType = wrapper.framework; includeInIndex = 0; path = Pods_MyMovieChart.framework; sourceTree = BUILT_PRODUCTS_DIR; };
		433AF833BFCDAF0D150D9C2C /* Pods-MyMovieChart.release.xcconfig */ = {isa = PBXFileReference; includeInIndex = 1; lastKnownFileType = text.xcconfig; name = "Pods-MyMovieChart.release.xcconfig"; path = "Target Support Files/Pods-MyMovieChart/Pods-MyMovieChart.release.xcconfig"; sourceTree = "<group>"; };
		C429C4E529AA27E5003849F7 /* MovieCell.swift */ = {isa = PBXFileReference; lastKnownFileType = sourcecode.swift; path = MovieCell.swift; sourceTree = "<group>"; };
		C429C4E829AA2C47003849F7 /* secret.jpg */ = {isa = PBXFileReference; lastKnownFileType = image.jpeg; path = secret.jpg; sourceTree = "<group>"; };
		C429C4E929AA2C48003849F7 /* darknight.jpg */ = {isa = PBXFileReference; lastKnownFileType = image.jpeg; path = darknight.jpg; sourceTree = "<group>"; };
		C429C4EA29AA2C48003849F7 /* rain.jpg */ = {isa = PBXFileReference; lastKnownFileType = image.jpeg; path = rain.jpg; sourceTree = "<group>"; };
		C42DD87C29AE431B0060DEE4 /* NaverMovieInfo.plist */ = {isa = PBXFileReference; lastKnownFileType = text.plist.xml; path = NaverMovieInfo.plist; sourceTree = "<group>"; };
		C44C2B4E29A7CFF2009D806D /* MyMovieChart.app */ = {isa = PBXFileReference; explicitFileType = wrapper.application; includeInIndex = 0; path = MyMovieChart.app; sourceTree = BUILT_PRODUCTS_DIR; };
		C44C2B5129A7CFF2009D806D /* AppDelegate.swift */ = {isa = PBXFileReference; lastKnownFileType = sourcecode.swift; path = AppDelegate.swift; sourceTree = "<group>"; };
		C44C2B5329A7CFF2009D806D /* SceneDelegate.swift */ = {isa = PBXFileReference; lastKnownFileType = sourcecode.swift; path = SceneDelegate.swift; sourceTree = "<group>"; };
		C44C2B5529A7CFF2009D806D /* ViewController.swift */ = {isa = PBXFileReference; lastKnownFileType = sourcecode.swift; path = ViewController.swift; sourceTree = "<group>"; };
		C44C2B5829A7CFF2009D806D /* Base */ = {isa = PBXFileReference; lastKnownFileType = file.storyboard; name = Base; path = Base.lproj/Main.storyboard; sourceTree = "<group>"; };
		C44C2B5A29A7CFF4009D806D /* Assets.xcassets */ = {isa = PBXFileReference; lastKnownFileType = folder.assetcatalog; path = Assets.xcassets; sourceTree = "<group>"; };
		C44C2B5D29A7CFF4009D806D /* Base */ = {isa = PBXFileReference; lastKnownFileType = file.storyboard; name = Base; path = Base.lproj/LaunchScreen.storyboard; sourceTree = "<group>"; };
		C44C2B5F29A7CFF4009D806D /* Info.plist */ = {isa = PBXFileReference; lastKnownFileType = text.plist.xml; path = Info.plist; sourceTree = "<group>"; };
		C44C2B6529A7D1F4009D806D /* ListViewController.swift */ = {isa = PBXFileReference; lastKnownFileType = sourcecode.swift; path = ListViewController.swift; sourceTree = "<group>"; };
		C44C2B6729A7E106009D806D /* MovieVO.swift */ = {isa = PBXFileReference; lastKnownFileType = sourcecode.swift; path = MovieVO.swift; sourceTree = "<group>"; };
		D859A0F123143C4E53054E8C /* Pods-MyMovieChart.debug.xcconfig */ = {isa = PBXFileReference; includeInIndex = 1; lastKnownFileType = text.xcconfig; name = "Pods-MyMovieChart.debug.xcconfig"; path = "Target Support Files/Pods-MyMovieChart/Pods-MyMovieChart.debug.xcconfig"; sourceTree = "<group>"; };
/* End PBXFileReference section */

/* Begin PBXFrameworksBuildPhase section */
		C44C2B4B29A7CFF2009D806D /* Frameworks */ = {
			isa = PBXFrameworksBuildPhase;
			buildActionMask = 2147483647;
			files = (
				7C825988EF69C6F22FA1A80F /* Pods_MyMovieChart.framework in Frameworks */,
			);
			runOnlyForDeploymentPostprocessing = 0;
		};
/* End PBXFrameworksBuildPhase section */

/* Begin PBXGroup section */
		6B7485FF18100F0B9EE44FE8 /* Pods */ = {
			isa = PBXGroup;
			children = (
				D859A0F123143C4E53054E8C /* Pods-MyMovieChart.debug.xcconfig */,
				433AF833BFCDAF0D150D9C2C /* Pods-MyMovieChart.release.xcconfig */,
			);
			path = Pods;
			sourceTree = "<group>";
		};
		C429C4E729AA2B5D003849F7 /* Resources */ = {
			isa = PBXGroup;
			children = (
				C429C4E929AA2C48003849F7 /* darknight.jpg */,
				C429C4EA29AA2C48003849F7 /* rain.jpg */,
				C429C4E829AA2C47003849F7 /* secret.jpg */,
			);
			path = Resources;
			sourceTree = "<group>";
		};
		C44C2B4529A7CFF2009D806D = {
			isa = PBXGroup;
			children = (
				C44C2B5029A7CFF2009D806D /* MyMovieChart */,
				C44C2B4F29A7CFF2009D806D /* Products */,
				6B7485FF18100F0B9EE44FE8 /* Pods */,
				EB67F1BE6056FD4F50C71108 /* Frameworks */,
			);
			sourceTree = "<group>";
		};
		C44C2B4F29A7CFF2009D806D /* Products */ = {
			isa = PBXGroup;
			children = (
				C44C2B4E29A7CFF2009D806D /* MyMovieChart.app */,
			);
			name = Products;
			sourceTree = "<group>";
		};
		C44C2B5029A7CFF2009D806D /* MyMovieChart */ = {
			isa = PBXGroup;
			children = (
				C429C4E729AA2B5D003849F7 /* Resources */,
				C429C4E529AA27E5003849F7 /* MovieCell.swift */,
				C44C2B5129A7CFF2009D806D /* AppDelegate.swift */,
				C44C2B5329A7CFF2009D806D /* SceneDelegate.swift */,
				C44C2B5529A7CFF2009D806D /* ViewController.swift */,
				C44C2B5729A7CFF2009D806D /* Main.storyboard */,
				C44C2B6529A7D1F4009D806D /* ListViewController.swift */,
				C42DD87C29AE431B0060DEE4 /* NaverMovieInfo.plist */,
				C44C2B6729A7E106009D806D /* MovieVO.swift */,
				C44C2B5A29A7CFF4009D806D /* Assets.xcassets */,
				C44C2B5C29A7CFF4009D806D /* LaunchScreen.storyboard */,
				C44C2B5F29A7CFF4009D806D /* Info.plist */,
			);
			path = MyMovieChart;
			sourceTree = "<group>";
		};
		EB67F1BE6056FD4F50C71108 /* Frameworks */ = {
			isa = PBXGroup;
			children = (
				032710C0FC9416826321C8E9 /* Pods_MyMovieChart.framework */,
			);
			name = Frameworks;
			sourceTree = "<group>";
		};
/* End PBXGroup section */

/* Begin PBXNativeTarget section */
		C44C2B4D29A7CFF2009D806D /* MyMovieChart */ = {
			isa = PBXNativeTarget;
			buildConfigurationList = C44C2B6229A7CFF4009D806D /* Build configuration list for PBXNativeTarget "MyMovieChart" */;
			buildPhases = (
				FE9B58D8210348BD5E455200 /* [CP] Check Pods Manifest.lock */,
				C44C2B4A29A7CFF2009D806D /* Sources */,
				C44C2B4B29A7CFF2009D806D /* Frameworks */,
				C44C2B4C29A7CFF2009D806D /* Resources */,
				61C3CCF026A05A1C4B9EF299 /* [CP] Embed Pods Frameworks */,
			);
			buildRules = (
			);
			dependencies = (
			);
			name = MyMovieChart;
			productName = MyMovieChart;
			productReference = C44C2B4E29A7CFF2009D806D /* MyMovieChart.app */;
			productType = "com.apple.product-type.application";
		};
/* End PBXNativeTarget section */

/* Begin PBXProject section */
		C44C2B4629A7CFF2009D806D /* Project object */ = {
			isa = PBXProject;
			attributes = {
				BuildIndependentTargetsInParallel = 1;
				LastSwiftUpdateCheck = 1420;
				LastUpgradeCheck = 1420;
				TargetAttributes = {
					C44C2B4D29A7CFF2009D806D = {
						CreatedOnToolsVersion = 14.2;
					};
				};
			};
			buildConfigurationList = C44C2B4929A7CFF2009D806D /* Build configuration list for PBXProject "MyMovieChart" */;
			compatibilityVersion = "Xcode 14.0";
			developmentRegion = en;
			hasScannedForEncodings = 0;
			knownRegions = (
				en,
				Base,
			);
			mainGroup = C44C2B4529A7CFF2009D806D;
			productRefGroup = C44C2B4F29A7CFF2009D806D /* Products */;
			projectDirPath = "";
			projectRoot = "";
			targets = (
				C44C2B4D29A7CFF2009D806D /* MyMovieChart */,
			);
		};
/* End PBXProject section */

/* Begin PBXResourcesBuildPhase section */
		C44C2B4C29A7CFF2009D806D /* Resources */ = {
			isa = PBXResourcesBuildPhase;
			buildActionMask = 2147483647;
			files = (
				C42DD87D29AE431B0060DEE4 /* NaverMovieInfo.plist in Resources */,
				C44C2B5E29A7CFF4009D806D /* LaunchScreen.storyboard in Resources */,
				C429C4ED29AA2C48003849F7 /* rain.jpg in Resources */,
				C44C2B5B29A7CFF4009D806D /* Assets.xcassets in Resources */,
				C44C2B5929A7CFF2009D806D /* Main.storyboard in Resources */,
				C429C4EB29AA2C48003849F7 /* secret.jpg in Resources */,
				C429C4EC29AA2C48003849F7 /* darknight.jpg in Resources */,
			);
			runOnlyForDeploymentPostprocessing = 0;
		};
/* End PBXResourcesBuildPhase section */

/* Begin PBXShellScriptBuildPhase section */
		61C3CCF026A05A1C4B9EF299 /* [CP] Embed Pods Frameworks */ = {
			isa = PBXShellScriptBuildPhase;
			buildActionMask = 2147483647;
			files = (
			);
			inputFileListPaths = (
				"${PODS_ROOT}/Target Support Files/Pods-MyMovieChart/Pods-MyMovieChart-frameworks-${CONFIGURATION}-input-files.xcfilelist",
			);
			name = "[CP] Embed Pods Frameworks";
			outputFileListPaths = (
				"${PODS_ROOT}/Target Support Files/Pods-MyMovieChart/Pods-MyMovieChart-frameworks-${CONFIGURATION}-output-files.xcfilelist",
			);
			runOnlyForDeploymentPostprocessing = 0;
			shellPath = /bin/sh;
			shellScript = "\"${PODS_ROOT}/Target Support Files/Pods-MyMovieChart/Pods-MyMovieChart-frameworks.sh\"\n";
			showEnvVarsInLog = 0;
		};
		FE9B58D8210348BD5E455200 /* [CP] Check Pods Manifest.lock */ = {
			isa = PBXShellScriptBuildPhase;
			buildActionMask = 2147483647;
			files = (
			);
			inputFileListPaths = (
			);
			inputPaths = (
				"${PODS_PODFILE_DIR_PATH}/Podfile.lock",
				"${PODS_ROOT}/Manifest.lock",
			);
			name = "[CP] Check Pods Manifest.lock";
			outputFileListPaths = (
			);
			outputPaths = (
				"$(DERIVED_FILE_DIR)/Pods-MyMovieChart-checkManifestLockResult.txt",
			);
			runOnlyForDeploymentPostprocessing = 0;
			shellPath = /bin/sh;
			shellScript = "diff \"${PODS_PODFILE_DIR_PATH}/Podfile.lock\" \"${PODS_ROOT}/Manifest.lock\" > /dev/null\nif [ $? != 0 ] ; then\n    # print error to STDERR\n    echo \"error: The sandbox is not in sync with the Podfile.lock. Run 'pod install' or update your CocoaPods installation.\" >&2\n    exit 1\nfi\n# This output is used by Xcode 'outputs' to avoid re-running this script phase.\necho \"SUCCESS\" > \"${SCRIPT_OUTPUT_FILE_0}\"\n";
			showEnvVarsInLog = 0;
		};
/* End PBXShellScriptBuildPhase section */

/* Begin PBXSourcesBuildPhase section */
		C44C2B4A29A7CFF2009D806D /* Sources */ = {
			isa = PBXSourcesBuildPhase;
			buildActionMask = 2147483647;
			files = (
				C44C2B5629A7CFF2009D806D /* ViewController.swift in Sources */,
				C44C2B5229A7CFF2009D806D /* AppDelegate.swift in Sources */,
				C429C4E629AA27E5003849F7 /* MovieCell.swift in Sources */,
				C44C2B6629A7D1F4009D806D /* ListViewController.swift in Sources */,
				C44C2B5429A7CFF2009D806D /* SceneDelegate.swift in Sources */,
				C44C2B6829A7E106009D806D /* MovieVO.swift in Sources */,
			);
			runOnlyForDeploymentPostprocessing = 0;
		};
/* End PBXSourcesBuildPhase section */

/* Begin PBXVariantGroup section */
		C44C2B5729A7CFF2009D806D /* Main.storyboard */ = {
			isa = PBXVariantGroup;
			children = (
				C44C2B5829A7CFF2009D806D /* Base */,
			);
			name = Main.storyboard;
			sourceTree = "<group>";
		};
		C44C2B5C29A7CFF4009D806D /* LaunchScreen.storyboard */ = {
			isa = PBXVariantGroup;
			children = (
				C44C2B5D29A7CFF4009D806D /* Base */,
			);
			name = LaunchScreen.storyboard;
			sourceTree = "<group>";
		};
/* End PBXVariantGroup section */

/* Begin XCBuildConfiguration section */
		C44C2B6029A7CFF4009D806D /* Debug */ = {
			isa = XCBuildConfiguration;
			buildSettings = {
				ALWAYS_SEARCH_USER_PATHS = NO;
				CLANG_ANALYZER_NONNULL = YES;
				CLANG_ANALYZER_NUMBER_OBJECT_CONVERSION = YES_AGGRESSIVE;
				CLANG_CXX_LANGUAGE_STANDARD = "gnu++20";
				CLANG_ENABLE_MODULES = YES;
				CLANG_ENABLE_OBJC_ARC = YES;
				CLANG_ENABLE_OBJC_WEAK = YES;
				CLANG_WARN_BLOCK_CAPTURE_AUTORELEASING = YES;
				CLANG_WARN_BOOL_CONVERSION = YES;
				CLANG_WARN_COMMA = YES;
				CLANG_WARN_CONSTANT_CONVERSION = YES;
				CLANG_WARN_DEPRECATED_OBJC_IMPLEMENTATIONS = YES;
				CLANG_WARN_DIRECT_OBJC_ISA_USAGE = YES_ERROR;
				CLANG_WARN_DOCUMENTATION_COMMENTS = YES;
				CLANG_WARN_EMPTY_BODY = YES;
				CLANG_WARN_ENUM_CONVERSION = YES;
				CLANG_WARN_INFINITE_RECURSION = YES;
				CLANG_WARN_INT_CONVERSION = YES;
				CLANG_WARN_NON_LITERAL_NULL_CONVERSION = YES;
				CLANG_WARN_OBJC_IMPLICIT_RETAIN_SELF = YES;
				CLANG_WARN_OBJC_LITERAL_CONVERSION = YES;
				CLANG_WARN_OBJC_ROOT_CLASS = YES_ERROR;
				CLANG_WARN_QUOTED_INCLUDE_IN_FRAMEWORK_HEADER = YES;
				CLANG_WARN_RANGE_LOOP_ANALYSIS = YES;
				CLANG_WARN_STRICT_PROTOTYPES = YES;
				CLANG_WARN_SUSPICIOUS_MOVE = YES;
				CLANG_WARN_UNGUARDED_AVAILABILITY = YES_AGGRESSIVE;
				CLANG_WARN_UNREACHABLE_CODE = YES;
				CLANG_WARN__DUPLICATE_METHOD_MATCH = YES;
				COPY_PHASE_STRIP = NO;
				DEBUG_INFORMATION_FORMAT = dwarf;
				ENABLE_STRICT_OBJC_MSGSEND = YES;
				ENABLE_TESTABILITY = YES;
				GCC_C_LANGUAGE_STANDARD = gnu11;
				GCC_DYNAMIC_NO_PIC = NO;
				GCC_NO_COMMON_BLOCKS = YES;
				GCC_OPTIMIZATION_LEVEL = 0;
				GCC_PREPROCESSOR_DEFINITIONS = (
					"DEBUG=1",
					"$(inherited)",
				);
				GCC_WARN_64_TO_32_BIT_CONVERSION = YES;
				GCC_WARN_ABOUT_RETURN_TYPE = YES_ERROR;
				GCC_WARN_UNDECLARED_SELECTOR = YES;
				GCC_WARN_UNINITIALIZED_AUTOS = YES_AGGRESSIVE;
				GCC_WARN_UNUSED_FUNCTION = YES;
				GCC_WARN_UNUSED_VARIABLE = YES;
				IPHONEOS_DEPLOYMENT_TARGET = 16.2;
				MTL_ENABLE_DEBUG_INFO = INCLUDE_SOURCE;
				MTL_FAST_MATH = YES;
				ONLY_ACTIVE_ARCH = YES;
				SDKROOT = iphoneos;
				SWIFT_ACTIVE_COMPILATION_CONDITIONS = DEBUG;
				SWIFT_OPTIMIZATION_LEVEL = "-Onone";
			};
			name = Debug;
		};
		C44C2B6129A7CFF4009D806D /* Release */ = {
			isa = XCBuildConfiguration;
			buildSettings = {
				ALWAYS_SEARCH_USER_PATHS = NO;
				CLANG_ANALYZER_NONNULL = YES;
				CLANG_ANALYZER_NUMBER_OBJECT_CONVERSION = YES_AGGRESSIVE;
				CLANG_CXX_LANGUAGE_STANDARD = "gnu++20";
				CLANG_ENABLE_MODULES = YES;
				CLANG_ENABLE_OBJC_ARC = YES;
				CLANG_ENABLE_OBJC_WEAK = YES;
				CLANG_WARN_BLOCK_CAPTURE_AUTORELEASING = YES;
				CLANG_WARN_BOOL_CONVERSION = YES;
				CLANG_WARN_COMMA = YES;
				CLANG_WARN_CONSTANT_CONVERSION = YES;
				CLANG_WARN_DEPRECATED_OBJC_IMPLEMENTATIONS = YES;
				CLANG_WARN_DIRECT_OBJC_ISA_USAGE = YES_ERROR;
				CLANG_WARN_DOCUMENTATION_COMMENTS = YES;
				CLANG_WARN_EMPTY_BODY = YES;
				CLANG_WARN_ENUM_CONVERSION = YES;
				CLANG_WARN_INFINITE_RECURSION = YES;
				CLANG_WARN_INT_CONVERSION = YES;
				CLANG_WARN_NON_LITERAL_NULL_CONVERSION = YES;
				CLANG_WARN_OBJC_IMPLICIT_RETAIN_SELF = YES;
				CLANG_WARN_OBJC_LITERAL_CONVERSION = YES;
				CLANG_WARN_OBJC_ROOT_CLASS = YES_ERROR;
				CLANG_WARN_QUOTED_INCLUDE_IN_FRAMEWORK_HEADER = YES;
				CLANG_WARN_RANGE_LOOP_ANALYSIS = YES;
				CLANG_WARN_STRICT_PROTOTYPES = YES;
				CLANG_WARN_SUSPICIOUS_MOVE = YES;
				CLANG_WARN_UNGUARDED_AVAILABILITY = YES_AGGRESSIVE;
				CLANG_WARN_UNREACHABLE_CODE = YES;
				CLANG_WARN__DUPLICATE_METHOD_MATCH = YES;
				COPY_PHASE_STRIP = NO;
				DEBUG_INFORMATION_FORMAT = "dwarf-with-dsym";
				ENABLE_NS_ASSERTIONS = NO;
				ENABLE_STRICT_OBJC_MSGSEND = YES;
				GCC_C_LANGUAGE_STANDARD = gnu11;
				GCC_NO_COMMON_BLOCKS = YES;
				GCC_WARN_64_TO_32_BIT_CONVERSION = YES;
				GCC_WARN_ABOUT_RETURN_TYPE = YES_ERROR;
				GCC_WARN_UNDECLARED_SELECTOR = YES;
				GCC_WARN_UNINITIALIZED_AUTOS = YES_AGGRESSIVE;
				GCC_WARN_UNUSED_FUNCTION = YES;
				GCC_WARN_UNUSED_VARIABLE = YES;
				IPHONEOS_DEPLOYMENT_TARGET = 16.2;
				MTL_ENABLE_DEBUG_INFO = NO;
				MTL_FAST_MATH = YES;
				SDKROOT = iphoneos;
				SWIFT_COMPILATION_MODE = wholemodule;
				SWIFT_OPTIMIZATION_LEVEL = "-O";
				VALIDATE_PRODUCT = YES;
			};
			name = Release;
		};
		C44C2B6329A7CFF4009D806D /* Debug */ = {
			isa = XCBuildConfiguration;
			baseConfigurationReference = D859A0F123143C4E53054E8C /* Pods-MyMovieChart.debug.xcconfig */;
			buildSettings = {
				ASSETCATALOG_COMPILER_APPICON_NAME = AppIcon;
				ASSETCATALOG_COMPILER_GLOBAL_ACCENT_COLOR_NAME = AccentColor;
				CODE_SIGN_STYLE = Automatic;
				CURRENT_PROJECT_VERSION = 1;
				DEVELOPMENT_TEAM = RCM87YWJ79;
				GENERATE_INFOPLIST_FILE = YES;
				INFOPLIST_FILE = MyMovieChart/Info.plist;
				INFOPLIST_KEY_UIApplicationSupportsIndirectInputEvents = YES;
				INFOPLIST_KEY_UILaunchStoryboardName = LaunchScreen;
				INFOPLIST_KEY_UIMainStoryboardFile = Main;
				INFOPLIST_KEY_UISupportedInterfaceOrientations_iPad = "UIInterfaceOrientationPortrait UIInterfaceOrientationPortraitUpsideDown UIInterfaceOrientationLandscapeLeft UIInterfaceOrientationLandscapeRight";
				INFOPLIST_KEY_UISupportedInterfaceOrientations_iPhone = "UIInterfaceOrientationPortrait UIInterfaceOrientationLandscapeLeft UIInterfaceOrientationLandscapeRight";
				IPHONEOS_DEPLOYMENT_TARGET = 15.0;
				LD_RUNPATH_SEARCH_PATHS = (
					"$(inherited)",
					"@executable_path/Frameworks",
				);
				MARKETING_VERSION = 1.0;
				PRODUCT_BUNDLE_IDENTIFIER = kybeen.MyMovieChart;
				PRODUCT_NAME = "$(TARGET_NAME)";
				SWIFT_EMIT_LOC_STRINGS = YES;
				SWIFT_VERSION = 5.0;
				TARGETED_DEVICE_FAMILY = "1,2";
			};
			name = Debug;
		};
		C44C2B6429A7CFF4009D806D /* Release */ = {
			isa = XCBuildConfiguration;
			baseConfigurationReference = 433AF833BFCDAF0D150D9C2C /* Pods-MyMovieChart.release.xcconfig */;
			buildSettings = {
				ASSETCATALOG_COMPILER_APPICON_NAME = AppIcon;
				ASSETCATALOG_COMPILER_GLOBAL_ACCENT_COLOR_NAME = AccentColor;
				CODE_SIGN_STYLE = Automatic;
				CURRENT_PROJECT_VERSION = 1;
				DEVELOPMENT_TEAM = RCM87YWJ79;
				GENERATE_INFOPLIST_FILE = YES;
				INFOPLIST_FILE = MyMovieChart/Info.plist;
				INFOPLIST_KEY_UIApplicationSupportsIndirectInputEvents = YES;
				INFOPLIST_KEY_UILaunchStoryboardName = LaunchScreen;
				INFOPLIST_KEY_UIMainStoryboardFile = Main;
				INFOPLIST_KEY_UISupportedInterfaceOrientations_iPad = "UIInterfaceOrientationPortrait UIInterfaceOrientationPortraitUpsideDown UIInterfaceOrientationLandscapeLeft UIInterfaceOrientationLandscapeRight";
				INFOPLIST_KEY_UISupportedInterfaceOrientations_iPhone = "UIInterfaceOrientationPortrait UIInterfaceOrientationLandscapeLeft UIInterfaceOrientationLandscapeRight";
				IPHONEOS_DEPLOYMENT_TARGET = 15.0;
				LD_RUNPATH_SEARCH_PATHS = (
					"$(inherited)",
					"@executable_path/Frameworks",
				);
				MARKETING_VERSION = 1.0;
				PRODUCT_BUNDLE_IDENTIFIER = kybeen.MyMovieChart;
				PRODUCT_NAME = "$(TARGET_NAME)";
				SWIFT_EMIT_LOC_STRINGS = YES;
				SWIFT_VERSION = 5.0;
				TARGETED_DEVICE_FAMILY = "1,2";
			};
			name = Release;
		};
/* End XCBuildConfiguration section */

/* Begin XCConfigurationList section */
		C44C2B4929A7CFF2009D806D /* Build configuration list for PBXProject "MyMovieChart" */ = {
			isa = XCConfigurationList;
			buildConfigurations = (
				C44C2B6029A7CFF4009D806D /* Debug */,
				C44C2B6129A7CFF4009D806D /* Release */,
			);
			defaultConfigurationIsVisible = 0;
			defaultConfigurationName = Release;
		};
		C44C2B6229A7CFF4009D806D /* Build configuration list for PBXNativeTarget "MyMovieChart" */ = {
			isa = XCConfigurationList;
			buildConfigurations = (
				C44C2B6329A7CFF4009D806D /* Debug */,
				C44C2B6429A7CFF4009D806D /* Release */,
			);
			defaultConfigurationIsVisible = 0;
			defaultConfigurationName = Release;
		};
/* End XCConfigurationList section */
	};
	rootObject = C44C2B4629A7CFF2009D806D /* Project object */;
}
